
Microsoft Visual Studio Solution File, Format Version 12.00
# Visual Studio Version 17
VisualStudioVersion = 17.14.36623.8
MinimumVisualStudioVersion = 10.0.40219.1
Project("{2150E333-8FDC-42A3-9474-1A3956D46DE8}") = "Services", "Services", "{02EA681E-C7D8-13C7-8484-4AC65E1B71E8}"
EndProject
Project("{2150E333-8FDC-42A3-9474-1A3956D46DE8}") = "Catalog", "Catalog", "{1C967AD6-F5D7-48FE-A2E2-09E86B0AB160}"
EndProject
Project("{FAE04EC0-301F-11D3-BF4B-00C04F79EFBC}") = "Catalog.API", "Services\Catalog\Catalog.API\Catalog.API.csproj", "{9033D0ED-D9DB-49EB-8E6C-11460E474C43}"
EndProject
Project("{2150E333-8FDC-42A3-9474-1A3956D46DE8}") = "BuildingBlocks", "BuildingBlocks", "{0247605A-EEB4-43AA-9D93-D01F74C9638B}"
EndProject
Project("{FAE04EC0-301F-11D3-BF4B-00C04F79EFBC}") = "BuildingBlocks", "BuildingBlocks\BuildingBlocks\BuildingBlocks.csproj", "{915150A4-FDA3-4F2B-BBE8-1953D0E1E242}"
EndProject
Global
	GlobalSection(SolutionConfigurationPlatforms) = preSolution
		Debug|Any CPU = Debug|Any CPU
		Release|Any CPU = Release|Any CPU
	EndGlobalSection
	GlobalSection(ProjectConfigurationPlatforms) = postSolution
		{9033D0ED-D9DB-49EB-8E6C-11460E474C43}.Debug|Any CPU.ActiveCfg = Debug|Any CPU
		{9033D0ED-D9DB-49EB-8E6C-11460E474C43}.Debug|Any CPU.Build.0 = Debug|Any CPU
		{9033D0ED-D9DB-49EB-8E6C-11460E474C43}.Release|Any CPU.ActiveCfg = Release|Any CPU
		{9033D0ED-D9DB-49EB-8E6C-11460E474C43}.Release|Any CPU.Build.0 = Release|Any CPU
		{915150A4-FDA3-4F2B-BBE8-1953D0E1E242}.Debug|Any CPU.ActiveCfg = Debug|Any CPU
		{915150A4-FDA3-4F2B-BBE8-1953D0E1E242}.Debug|Any CPU.Build.0 = Debug|Any CPU
		{915150A4-FDA3-4F2B-BBE8-1953D0E1E242}.Release|Any CPU.ActiveCfg = Release|Any CPU
		{915150A4-FDA3-4F2B-BBE8-1953D0E1E242}.Release|Any CPU.Build.0 = Release|Any CPU
	EndGlobalSection
	GlobalSection(SolutionProperties) = preSolution
		HideSolutionNode = FALSE
	EndGlobalSection
	GlobalSection(NestedProjects) = preSolution
		{1C967AD6-F5D7-48FE-A2E2-09E86B0AB160} = {02EA681E-C7D8-13C7-8484-4AC65E1B71E8}
		{9033D0ED-D9DB-49EB-8E6C-11460E474C43} = {1C967AD6-F5D7-48FE-A2E2-09E86B0AB160}
		{915150A4-FDA3-4F2B-BBE8-1953D0E1E242} = {0247605A-EEB4-43AA-9D93-D01F74C9638B}
	EndGlobalSection
	GlobalSection(ExtensibilityGlobals) = postSolution
		SolutionGuid = {88904F2E-1F46-400D-BAD2-B1A952CAC8C2}
	EndGlobalSection
EndGlobal
